
Microsoft Visual Studio Solution File, Format Version 12.00
# Visual Studio Version 17
VisualStudioVersion = 17.0.31919.166
MinimumVisualStudioVersion = 10.0.40219.1
Project("{9A19103F-16F7-4668-BE54-9A1E7A4F7556}") = "Seven", "Seven\Seven.csproj", "{AED7E319-AD80-4298-AB2D-E10A97723B28}"
EndProject
Project("{9A19103F-16F7-4668-BE54-9A1E7A4F7556}") = "Seven.Tests", "Seven.Tests\Seven.Tests.csproj", "{F5A1310F-4609-4123-9013-7B120D3B56B8}"
EndProject
Project("{2150E333-8FDC-42A3-9474-1A3956D46DE8}") = "Solution Items", "Solution Items", "{AB6767A6-12F9-4B6C-AE55-F04FBDDCBEBD}"
	ProjectSection(SolutionItems) = preProject
		README.txt = README.txt
	EndProjectSection
EndProject
Global
	GlobalSection(SolutionConfigurationPlatforms) = preSolution
		Debug|Any CPU = Debug|Any CPU
		Release|Any CPU = Release|Any CPU
	EndGlobalSection
	GlobalSection(ProjectConfigurationPlatforms) = postSolution
		{AED7E319-AD80-4298-AB2D-E10A97723B28}.Debug|Any CPU.ActiveCfg = Debug|Any CPU
		{AED7E319-AD80-4298-AB2D-E10A97723B28}.Debug|Any CPU.Build.0 = Debug|Any CPU
		{AED7E319-AD80-4298-AB2D-E10A97723B28}.Release|Any CPU.ActiveCfg = Release|Any CPU
		{AED7E319-AD80-4298-AB2D-E10A97723B28}.Release|Any CPU.Build.0 = Release|Any CPU
		{F5A1310F-4609-4123-9013-7B120D3B56B8}.Debug|Any CPU.ActiveCfg = Debug|Any CPU
		{F5A1310F-4609-4123-9013-7B120D3B56B8}.Debug|Any CPU.Build.0 = Debug|Any CPU
		{F5A1310F-4609-4123-9013-7B120D3B56B8}.Release|Any CPU.ActiveCfg = Release|Any CPU
		{F5A1310F-4609-4123-9013-7B120D3B56B8}.Release|Any CPU.Build.0 = Release|Any CPU
	EndGlobalSection
	GlobalSection(SolutionProperties) = preSolution
		HideSolutionNode = FALSE
	EndGlobalSection
	GlobalSection(ExtensibilityGlobals) = postSolution
		SolutionGuid = {E04C4743-3F33-47A5-80EB-DE8B89301F44}
	EndGlobalSection
EndGlobal
